
Microsoft Visual Studio Solution File, Format Version 12.00
# Visual Studio Version 17
VisualStudioVersion = 17.9.34616.47
MinimumVisualStudioVersion = 10.0.40219.1
Project("{FAE04EC0-301F-11D3-BF4B-00C04F79EFBC}") = "presentacion", "presentacion\presentacion.csproj", "{07B084BA-7A15-4F1A-A0EE-32084E8EC3FB}"
EndProject
Project("{FAE04EC0-301F-11D3-BF4B-00C04F79EFBC}") = "dominio", "dominio\dominio.csproj", "{72BB5720-4C62-439B-88EF-6072845EFD0E}"
EndProject
Project("{FAE04EC0-301F-11D3-BF4B-00C04F79EFBC}") = "negocio", "negocio\negocio.csproj", "{0D329A9A-AEDE-4347-989A-0C7D39510CBC}"
EndProject
Global
	GlobalSection(SolutionConfigurationPlatforms) = preSolution
		Debug|Any CPU = Debug|Any CPU
		Release|Any CPU = Release|Any CPU
	EndGlobalSection
	GlobalSection(ProjectConfigurationPlatforms) = postSolution
		{07B084BA-7A15-4F1A-A0EE-32084E8EC3FB}.Debug|Any CPU.ActiveCfg = Debug|Any CPU
		{07B084BA-7A15-4F1A-A0EE-32084E8EC3FB}.Debug|Any CPU.Build.0 = Debug|Any CPU
		{07B084BA-7A15-4F1A-A0EE-32084E8EC3FB}.Release|Any CPU.ActiveCfg = Release|Any CPU
		{07B084BA-7A15-4F1A-A0EE-32084E8EC3FB}.Release|Any CPU.Build.0 = Release|Any CPU
		{72BB5720-4C62-439B-88EF-6072845EFD0E}.Debug|Any CPU.ActiveCfg = Debug|Any CPU
		{72BB5720-4C62-439B-88EF-6072845EFD0E}.Debug|Any CPU.Build.0 = Debug|Any CPU
		{72BB5720-4C62-439B-88EF-6072845EFD0E}.Release|Any CPU.ActiveCfg = Release|Any CPU
		{72BB5720-4C62-439B-88EF-6072845EFD0E}.Release|Any CPU.Build.0 = Release|Any CPU
		{0D329A9A-AEDE-4347-989A-0C7D39510CBC}.Debug|Any CPU.ActiveCfg = Debug|Any CPU
		{0D329A9A-AEDE-4347-989A-0C7D39510CBC}.Debug|Any CPU.Build.0 = Debug|Any CPU
		{0D329A9A-AEDE-4347-989A-0C7D39510CBC}.Release|Any CPU.ActiveCfg = Release|Any CPU
		{0D329A9A-AEDE-4347-989A-0C7D39510CBC}.Release|Any CPU.Build.0 = Release|Any CPU
	EndGlobalSection
	GlobalSection(SolutionProperties) = preSolution
		HideSolutionNode = FALSE
	EndGlobalSection
	GlobalSection(ExtensibilityGlobals) = postSolution
		SolutionGuid = {BDA2FAE0-11DF-4FEA-A64E-15472260AEC0}
	EndGlobalSection
EndGlobal
